
Microsoft Visual Studio Solution File, Format Version 12.00
# Visual Studio Version 17
VisualStudioVersion = 17.0.31919.166
MinimumVisualStudioVersion = 10.0.40219.1
Project("{FAE04EC0-301F-11D3-BF4B-00C04F79EFBC}") = "DailyRunCalculator", "DailyRunCalculator\DailyRunCalculator.csproj", "{04CEF425-D234-4324-B206-9AA821B5E433}"
EndProject
Project("{FAE04EC0-301F-11D3-BF4B-00C04F79EFBC}") = "testCalculator", "testCalculator\testCalculator.csproj", "{F9EFD8C8-DC11-4FF5-BFDB-5068CB38C59E}"
EndProject
Global
	GlobalSection(SolutionConfigurationPlatforms) = preSolution
		Debug|Any CPU = Debug|Any CPU
		Release|Any CPU = Release|Any CPU
	EndGlobalSection
	GlobalSection(ProjectConfigurationPlatforms) = postSolution
		{04CEF425-D234-4324-B206-9AA821B5E433}.Debug|Any CPU.ActiveCfg = Debug|Any CPU
		{04CEF425-D234-4324-B206-9AA821B5E433}.Debug|Any CPU.Build.0 = Debug|Any CPU
		{04CEF425-D234-4324-B206-9AA821B5E433}.Release|Any CPU.ActiveCfg = Release|Any CPU
		{04CEF425-D234-4324-B206-9AA821B5E433}.Release|Any CPU.Build.0 = Release|Any CPU
		{F9EFD8C8-DC11-4FF5-BFDB-5068CB38C59E}.Debug|Any CPU.ActiveCfg = Debug|Any CPU
		{F9EFD8C8-DC11-4FF5-BFDB-5068CB38C59E}.Debug|Any CPU.Build.0 = Debug|Any CPU
		{F9EFD8C8-DC11-4FF5-BFDB-5068CB38C59E}.Release|Any CPU.ActiveCfg = Release|Any CPU
		{F9EFD8C8-DC11-4FF5-BFDB-5068CB38C59E}.Release|Any CPU.Build.0 = Release|Any CPU
	EndGlobalSection
	GlobalSection(SolutionProperties) = preSolution
		HideSolutionNode = FALSE
	EndGlobalSection
	GlobalSection(ExtensibilityGlobals) = postSolution
		SolutionGuid = {E7FBE1D8-A564-40E8-889E-65538E8F4237}
	EndGlobalSection
EndGlobal
